// !$*UTF8*$!
{
	archiveVersion = 1;
	classes = {
	};
	objectVersion = 56;
	objects = {

/* Begin PBXBuildFile section */
		BC6145072ACDE7DD008E22F5 /* book.json in Resources */ = {isa = PBXBuildFile; fileRef = BC6145062ACDE7DD008E22F5 /* book.json */; };
		BC6145092ACDE84C008E22F5 /* mountain.json in Resources */ = {isa = PBXBuildFile; fileRef = BC6145082ACDE84C008E22F5 /* mountain.json */; };
		BC61450B2ACDE88C008E22F5 /* display.json in Resources */ = {isa = PBXBuildFile; fileRef = BC61450A2ACDE88C008E22F5 /* display.json */; };
		BC61450D2ACDE8B2008E22F5 /* home.json in Resources */ = {isa = PBXBuildFile; fileRef = BC61450C2ACDE8B2008E22F5 /* home.json */; };
		BC61450F2ACDE8D8008E22F5 /* eye.json in Resources */ = {isa = PBXBuildFile; fileRef = BC61450E2ACDE8D8008E22F5 /* eye.json */; };
		BCA1742D2ACD474B00E5D0CE /* AppDelegate.swift in Sources */ = {isa = PBXBuildFile; fileRef = BCA1742C2ACD474B00E5D0CE /* AppDelegate.swift */; };
		BCA1742F2ACD474B00E5D0CE /* SceneDelegate.swift in Sources */ = {isa = PBXBuildFile; fileRef = BCA1742E2ACD474B00E5D0CE /* SceneDelegate.swift */; };
		BCA174342ACD474B00E5D0CE /* Main.storyboard in Resources */ = {isa = PBXBuildFile; fileRef = BCA174322ACD474B00E5D0CE /* Main.storyboard */; };
		BCA174362ACD474C00E5D0CE /* Assets.xcassets in Resources */ = {isa = PBXBuildFile; fileRef = BCA174352ACD474C00E5D0CE /* Assets.xcassets */; };
		BCA174392ACD474C00E5D0CE /* LaunchScreen.storyboard in Resources */ = {isa = PBXBuildFile; fileRef = BCA174372ACD474C00E5D0CE /* LaunchScreen.storyboard */; };
		BCA174542ACD5A3800E5D0CE /* AnimationVC.swift in Sources */ = {isa = PBXBuildFile; fileRef = BCA174532ACD5A3800E5D0CE /* AnimationVC.swift */; };
		BCA174562ACD67D500E5D0CE /* UIButtonExtensions.swift in Sources */ = {isa = PBXBuildFile; fileRef = BCA174552ACD67D500E5D0CE /* UIButtonExtensions.swift */; };
		D36B6F16DC66BEEF66B2149A /* Pods_AnimationApp.framework in Frameworks */ = {isa = PBXBuildFile; fileRef = 1EEDACD94A4464B755311020 /* Pods_AnimationApp.framework */; };
/* End PBXBuildFile section */

/* Begin PBXFileReference section */
		1EEDACD94A4464B755311020 /* Pods_AnimationApp.framework */ = {isa = PBXFileReference; explicitFileType = wrapper.framework; includeInIndex = 0; path = Pods_AnimationApp.framework; sourceTree = BUILT_PRODUCTS_DIR; };
		2E9F97B3318F2F70F951C6DD /* Pods-AnimationApp.release.xcconfig */ = {isa = PBXFileReference; includeInIndex = 1; lastKnownFileType = text.xcconfig; name = "Pods-AnimationApp.release.xcconfig"; path = "Target Support Files/Pods-AnimationApp/Pods-AnimationApp.release.xcconfig"; sourceTree = "<group>"; };
		BC6145062ACDE7DD008E22F5 /* book.json */ = {isa = PBXFileReference; fileEncoding = 4; lastKnownFileType = text.json; name = book.json; path = ../../../../../../../../../../Downloads/book.json; sourceTree = "<group>"; };
		BC6145082ACDE84C008E22F5 /* mountain.json */ = {isa = PBXFileReference; fileEncoding = 4; lastKnownFileType = text.json; name = mountain.json; path = ../../../../../../../../../../Downloads/mountain.json; sourceTree = "<group>"; };
		BC61450A2ACDE88C008E22F5 /* display.json */ = {isa = PBXFileReference; fileEncoding = 4; lastKnownFileType = text.json; name = display.json; path = ../../../../../../../../../../Downloads/display.json; sourceTree = "<group>"; };
		BC61450C2ACDE8B2008E22F5 /* home.json */ = {isa = PBXFileReference; fileEncoding = 4; lastKnownFileType = text.json; name = home.json; path = ../../../../../../../../../../Downloads/home.json; sourceTree = "<group>"; };
		BC61450E2ACDE8D8008E22F5 /* eye.json */ = {isa = PBXFileReference; fileEncoding = 4; lastKnownFileType = text.json; name = eye.json; path = ../../../../../../../../../../Downloads/eye.json; sourceTree = "<group>"; };
		BCA174292ACD474B00E5D0CE /* AnimationApp.app */ = {isa = PBXFileReference; explicitFileType = wrapper.application; includeInIndex = 0; path = AnimationApp.app; sourceTree = BUILT_PRODUCTS_DIR; };
		BCA1742C2ACD474B00E5D0CE /* AppDelegate.swift */ = {isa = PBXFileReference; lastKnownFileType = sourcecode.swift; path = AppDelegate.swift; sourceTree = "<group>"; };
		BCA1742E2ACD474B00E5D0CE /* SceneDelegate.swift */ = {isa = PBXFileReference; lastKnownFileType = sourcecode.swift; path = SceneDelegate.swift; sourceTree = "<group>"; };
		BCA174332ACD474B00E5D0CE /* Base */ = {isa = PBXFileReference; lastKnownFileType = file.storyboard; name = Base; path = Base.lproj/Main.storyboard; sourceTree = "<group>"; };
		BCA174352ACD474C00E5D0CE /* Assets.xcassets */ = {isa = PBXFileReference; lastKnownFileType = folder.assetcatalog; path = Assets.xcassets; sourceTree = "<group>"; };
		BCA174382ACD474C00E5D0CE /* Base */ = {isa = PBXFileReference; lastKnownFileType = file.storyboard; name = Base; path = Base.lproj/LaunchScreen.storyboard; sourceTree = "<group>"; };
		BCA1743A2ACD474C00E5D0CE /* Info.plist */ = {isa = PBXFileReference; lastKnownFileType = text.plist.xml; path = Info.plist; sourceTree = "<group>"; };
		BCA174532ACD5A3800E5D0CE /* AnimationVC.swift */ = {isa = PBXFileReference; lastKnownFileType = sourcecode.swift; path = AnimationVC.swift; sourceTree = "<group>"; };
		BCA174552ACD67D500E5D0CE /* UIButtonExtensions.swift */ = {isa = PBXFileReference; lastKnownFileType = sourcecode.swift; path = UIButtonExtensions.swift; sourceTree = "<group>"; };
		C81998CACB3BDA1F03FA5606 /* Pods-AnimationApp.debug.xcconfig */ = {isa = PBXFileReference; includeInIndex = 1; lastKnownFileType = text.xcconfig; name = "Pods-AnimationApp.debug.xcconfig"; path = "Target Support Files/Pods-AnimationApp/Pods-AnimationApp.debug.xcconfig"; sourceTree = "<group>"; };
/* End PBXFileReference section */

/* Begin PBXFrameworksBuildPhase section */
		BCA174262ACD474B00E5D0CE /* Frameworks */ = {
			isa = PBXFrameworksBuildPhase;
			buildActionMask = 2147483647;
			files = (
				D36B6F16DC66BEEF66B2149A /* Pods_AnimationApp.framework in Frameworks */,
			);
			runOnlyForDeploymentPostprocessing = 0;
		};
/* End PBXFrameworksBuildPhase section */

/* Begin PBXGroup section */
		805B74EFDBF151AE30FAD2C6 /* Frameworks */ = {
			isa = PBXGroup;
			children = (
				1EEDACD94A4464B755311020 /* Pods_AnimationApp.framework */,
			);
			name = Frameworks;
			sourceTree = "<group>";
		};
		BCA174202ACD474B00E5D0CE = {
			isa = PBXGroup;
			children = (
				BCA1742B2ACD474B00E5D0CE /* AnimationApp */,
				BCA1742A2ACD474B00E5D0CE /* Products */,
				DE0153824DB48CBD55D1B2C7 /* Pods */,
				805B74EFDBF151AE30FAD2C6 /* Frameworks */,
			);
			sourceTree = "<group>";
		};
		BCA1742A2ACD474B00E5D0CE /* Products */ = {
			isa = PBXGroup;
			children = (
				BCA174292ACD474B00E5D0CE /* AnimationApp.app */,
			);
			name = Products;
			sourceTree = "<group>";
		};
		BCA1742B2ACD474B00E5D0CE /* AnimationApp */ = {
			isa = PBXGroup;
			children = (
				BCA174522ACD59C800E5D0CE /* Models */,
				BCA1744E2ACD4EC800E5D0CE /* Views */,
				BCA1744D2ACD4EA700E5D0CE /* Controllers */,
				BCA174512ACD59AA00E5D0CE /* Extansions */,
				BCA1744F2ACD4ED500E5D0CE /* Assets */,
				BCA1744C2ACD4E5000E5D0CE /* App */,
				BCA1743A2ACD474C00E5D0CE /* Info.plist */,
			);
			path = AnimationApp;
			sourceTree = "<group>";
		};
		BCA1744C2ACD4E5000E5D0CE /* App */ = {
			isa = PBXGroup;
			children = (
				BCA1742C2ACD474B00E5D0CE /* AppDelegate.swift */,
				BCA1742E2ACD474B00E5D0CE /* SceneDelegate.swift */,
			);
			path = App;
			sourceTree = "<group>";
		};
		BCA1744D2ACD4EA700E5D0CE /* Controllers */ = {
			isa = PBXGroup;
			children = (
				BCA174532ACD5A3800E5D0CE /* AnimationVC.swift */,
			);
			path = Controllers;
			sourceTree = "<group>";
		};
		BCA1744E2ACD4EC800E5D0CE /* Views */ = {
			isa = PBXGroup;
			children = (
				BCA174322ACD474B00E5D0CE /* Main.storyboard */,
				BCA174372ACD474C00E5D0CE /* LaunchScreen.storyboard */,
			);
			path = Views;
			sourceTree = "<group>";
		};
		BCA1744F2ACD4ED500E5D0CE /* Assets */ = {
			isa = PBXGroup;
			children = (
				BCA174502ACD58B500E5D0CE /* Animations */,
				BCA174352ACD474C00E5D0CE /* Assets.xcassets */,
			);
			path = Assets;
			sourceTree = "<group>";
		};
		BCA174502ACD58B500E5D0CE /* Animations */ = {
			isa = PBXGroup;
			children = (
				BC61450E2ACDE8D8008E22F5 /* eye.json */,
				BC61450C2ACDE8B2008E22F5 /* home.json */,
				BC61450A2ACDE88C008E22F5 /* display.json */,
				BC6145082ACDE84C008E22F5 /* mountain.json */,
				BC6145062ACDE7DD008E22F5 /* book.json */,
			);
			path = Animations;
			sourceTree = "<group>";
		};
		BCA174512ACD59AA00E5D0CE /* Extansions */ = {
			isa = PBXGroup;
			children = (
				BCA174552ACD67D500E5D0CE /* UIButtonExtensions.swift */,
			);
			path = Extansions;
			sourceTree = "<group>";
		};
		BCA174522ACD59C800E5D0CE /* Models */ = {
			isa = PBXGroup;
			children = (
			);
			path = Models;
			sourceTree = "<group>";
		};
		DE0153824DB48CBD55D1B2C7 /* Pods */ = {
			isa = PBXGroup;
			children = (
				C81998CACB3BDA1F03FA5606 /* Pods-AnimationApp.debug.xcconfig */,
				2E9F97B3318F2F70F951C6DD /* Pods-AnimationApp.release.xcconfig */,
			);
			path = Pods;
			sourceTree = "<group>";
		};
/* End PBXGroup section */

/* Begin PBXNativeTarget section */
		BCA174282ACD474B00E5D0CE /* AnimationApp */ = {
			isa = PBXNativeTarget;
			buildConfigurationList = BCA1743D2ACD474C00E5D0CE /* Build configuration list for PBXNativeTarget "AnimationApp" */;
			buildPhases = (
				9363628E8B3948233C8187E9 /* [CP] Check Pods Manifest.lock */,
				BCA174252ACD474B00E5D0CE /* Sources */,
				BCA174262ACD474B00E5D0CE /* Frameworks */,
				BCA174272ACD474B00E5D0CE /* Resources */,
				EA4B93CDF437D89EE498E163 /* [CP] Embed Pods Frameworks */,
			);
			buildRules = (
			);
			dependencies = (
			);
			name = AnimationApp;
			productName = AnimationApp;
			productReference = BCA174292ACD474B00E5D0CE /* AnimationApp.app */;
			productType = "com.apple.product-type.application";
		};
/* End PBXNativeTarget section */

/* Begin PBXProject section */
		BCA174212ACD474B00E5D0CE /* Project object */ = {
			isa = PBXProject;
			attributes = {
				BuildIndependentTargetsInParallel = 1;
				LastSwiftUpdateCheck = 1500;
				LastUpgradeCheck = 1500;
				TargetAttributes = {
					BCA174282ACD474B00E5D0CE = {
						CreatedOnToolsVersion = 15.0;
					};
				};
			};
			buildConfigurationList = BCA174242ACD474B00E5D0CE /* Build configuration list for PBXProject "AnimationApp" */;
			compatibilityVersion = "Xcode 14.0";
			developmentRegion = en;
			hasScannedForEncodings = 0;
			knownRegions = (
				en,
				Base,
			);
			mainGroup = BCA174202ACD474B00E5D0CE;
			productRefGroup = BCA1742A2ACD474B00E5D0CE /* Products */;
			projectDirPath = "";
			projectRoot = "";
			targets = (
				BCA174282ACD474B00E5D0CE /* AnimationApp */,
			);
		};
/* End PBXProject section */

/* Begin PBXResourcesBuildPhase section */
		BCA174272ACD474B00E5D0CE /* Resources */ = {
			isa = PBXResourcesBuildPhase;
			buildActionMask = 2147483647;
			files = (
				BC61450B2ACDE88C008E22F5 /* display.json in Resources */,
				BC6145092ACDE84C008E22F5 /* mountain.json in Resources */,
				BC6145072ACDE7DD008E22F5 /* book.json in Resources */,
				BC61450F2ACDE8D8008E22F5 /* eye.json in Resources */,
				BCA174392ACD474C00E5D0CE /* LaunchScreen.storyboard in Resources */,
				BCA174362ACD474C00E5D0CE /* Assets.xcassets in Resources */,
				BC61450D2ACDE8B2008E22F5 /* home.json in Resources */,
				BCA174342ACD474B00E5D0CE /* Main.storyboard in Resources */,
			);
			runOnlyForDeploymentPostprocessing = 0;
		};
/* End PBXResourcesBuildPhase section */

/* Begin PBXShellScriptBuildPhase section */
		9363628E8B3948233C8187E9 /* [CP] Check Pods Manifest.lock */ = {
			isa = PBXShellScriptBuildPhase;
			buildActionMask = 2147483647;
			files = (
			);
			inputFileListPaths = (
			);
			inputPaths = (
				"${PODS_PODFILE_DIR_PATH}/Podfile.lock",
				"${PODS_ROOT}/Manifest.lock",
			);
			name = "[CP] Check Pods Manifest.lock";
			outputFileListPaths = (
			);
			outputPaths = (
				"$(DERIVED_FILE_DIR)/Pods-AnimationApp-checkManifestLockResult.txt",
			);
			runOnlyForDeploymentPostprocessing = 0;
			shellPath = /bin/sh;
			shellScript = "diff \"${PODS_PODFILE_DIR_PATH}/Podfile.lock\" \"${PODS_ROOT}/Manifest.lock\" > /dev/null\nif [ $? != 0 ] ; then\n    # print error to STDERR\n    echo \"error: The sandbox is not in sync with the Podfile.lock. Run 'pod install' or update your CocoaPods installation.\" >&2\n    exit 1\nfi\n# This output is used by Xcode 'outputs' to avoid re-running this script phase.\necho \"SUCCESS\" > \"${SCRIPT_OUTPUT_FILE_0}\"\n";
			showEnvVarsInLog = 0;
		};
		EA4B93CDF437D89EE498E163 /* [CP] Embed Pods Frameworks */ = {
			isa = PBXShellScriptBuildPhase;
			buildActionMask = 2147483647;
			files = (
			);
			inputFileListPaths = (
				"${PODS_ROOT}/Target Support Files/Pods-AnimationApp/Pods-AnimationApp-frameworks-${CONFIGURATION}-input-files.xcfilelist",
			);
			name = "[CP] Embed Pods Frameworks";
			outputFileListPaths = (
				"${PODS_ROOT}/Target Support Files/Pods-AnimationApp/Pods-AnimationApp-frameworks-${CONFIGURATION}-output-files.xcfilelist",
			);
			runOnlyForDeploymentPostprocessing = 0;
			shellPath = /bin/sh;
			shellScript = "\"${PODS_ROOT}/Target Support Files/Pods-AnimationApp/Pods-AnimationApp-frameworks.sh\"\n";
			showEnvVarsInLog = 0;
		};
/* End PBXShellScriptBuildPhase section */

/* Begin PBXSourcesBuildPhase section */
		BCA174252ACD474B00E5D0CE /* Sources */ = {
			isa = PBXSourcesBuildPhase;
			buildActionMask = 2147483647;
			files = (
				BCA174562ACD67D500E5D0CE /* UIButtonExtensions.swift in Sources */,
				BCA174542ACD5A3800E5D0CE /* AnimationVC.swift in Sources */,
				BCA1742D2ACD474B00E5D0CE /* AppDelegate.swift in Sources */,
				BCA1742F2ACD474B00E5D0CE /* SceneDelegate.swift in Sources */,
			);
			runOnlyForDeploymentPostprocessing = 0;
		};
/* End PBXSourcesBuildPhase section */

/* Begin PBXVariantGroup section */
		BCA174322ACD474B00E5D0CE /* Main.storyboard */ = {
			isa = PBXVariantGroup;
			children = (
				BCA174332ACD474B00E5D0CE /* Base */,
			);
			name = Main.storyboard;
			sourceTree = "<group>";
		};
		BCA174372ACD474C00E5D0CE /* LaunchScreen.storyboard */ = {
			isa = PBXVariantGroup;
			children = (
				BCA174382ACD474C00E5D0CE /* Base */,
			);
			name = LaunchScreen.storyboard;
			sourceTree = "<group>";
		};
/* End PBXVariantGroup section */

/* Begin XCBuildConfiguration section */
		BCA1743B2ACD474C00E5D0CE /* Debug */ = {
			isa = XCBuildConfiguration;
			buildSettings = {
				ALWAYS_SEARCH_USER_PATHS = NO;
				ASSETCATALOG_COMPILER_GENERATE_SWIFT_ASSET_SYMBOL_EXTENSIONS = YES;
				CLANG_ANALYZER_NONNULL = YES;
				CLANG_ANALYZER_NUMBER_OBJECT_CONVERSION = YES_AGGRESSIVE;
				CLANG_CXX_LANGUAGE_STANDARD = "gnu++20";
				CLANG_ENABLE_MODULES = YES;
				CLANG_ENABLE_OBJC_ARC = YES;
				CLANG_ENABLE_OBJC_WEAK = YES;
				CLANG_WARN_BLOCK_CAPTURE_AUTORELEASING = YES;
				CLANG_WARN_BOOL_CONVERSION = YES;
				CLANG_WARN_COMMA = YES;
				CLANG_WARN_CONSTANT_CONVERSION = YES;
				CLANG_WARN_DEPRECATED_OBJC_IMPLEMENTATIONS = YES;
				CLANG_WARN_DIRECT_OBJC_ISA_USAGE = YES_ERROR;
				CLANG_WARN_DOCUMENTATION_COMMENTS = YES;
				CLANG_WARN_EMPTY_BODY = YES;
				CLANG_WARN_ENUM_CONVERSION = YES;
				CLANG_WARN_INFINITE_RECURSION = YES;
				CLANG_WARN_INT_CONVERSION = YES;
				CLANG_WARN_NON_LITERAL_NULL_CONVERSION = YES;
				CLANG_WARN_OBJC_IMPLICIT_RETAIN_SELF = YES;
				CLANG_WARN_OBJC_LITERAL_CONVERSION = YES;
				CLANG_WARN_OBJC_ROOT_CLASS = YES_ERROR;
				CLANG_WARN_QUOTED_INCLUDE_IN_FRAMEWORK_HEADER = YES;
				CLANG_WARN_RANGE_LOOP_ANALYSIS = YES;
				CLANG_WARN_STRICT_PROTOTYPES = YES;
				CLANG_WARN_SUSPICIOUS_MOVE = YES;
				CLANG_WARN_UNGUARDED_AVAILABILITY = YES_AGGRESSIVE;
				CLANG_WARN_UNREACHABLE_CODE = YES;
				CLANG_WARN__DUPLICATE_METHOD_MATCH = YES;
				COPY_PHASE_STRIP = NO;
				DEBUG_INFORMATION_FORMAT = dwarf;
				ENABLE_STRICT_OBJC_MSGSEND = YES;
				ENABLE_TESTABILITY = YES;
				ENABLE_USER_SCRIPT_SANDBOXING = NO;
				GCC_C_LANGUAGE_STANDARD = gnu17;
				GCC_DYNAMIC_NO_PIC = NO;
				GCC_NO_COMMON_BLOCKS = YES;
				GCC_OPTIMIZATION_LEVEL = 0;
				GCC_PREPROCESSOR_DEFINITIONS = (
					"DEBUG=1",
					"$(inherited)",
				);
				GCC_WARN_64_TO_32_BIT_CONVERSION = YES;
				GCC_WARN_ABOUT_RETURN_TYPE = YES_ERROR;
				GCC_WARN_UNDECLARED_SELECTOR = YES;
				GCC_WARN_UNINITIALIZED_AUTOS = YES_AGGRESSIVE;
				GCC_WARN_UNUSED_FUNCTION = YES;
				GCC_WARN_UNUSED_VARIABLE = YES;
				IPHONEOS_DEPLOYMENT_TARGET = 17.0;
				LOCALIZATION_PREFERS_STRING_CATALOGS = YES;
				MTL_ENABLE_DEBUG_INFO = INCLUDE_SOURCE;
				MTL_FAST_MATH = YES;
				ONLY_ACTIVE_ARCH = YES;
				SDKROOT = iphoneos;
				SWIFT_ACTIVE_COMPILATION_CONDITIONS = "DEBUG $(inherited)";
				SWIFT_OPTIMIZATION_LEVEL = "-Onone";
			};
			name = Debug;
		};
		BCA1743C2ACD474C00E5D0CE /* Release */ = {
			isa = XCBuildConfiguration;
			buildSettings = {
				ALWAYS_SEARCH_USER_PATHS = NO;
				ASSETCATALOG_COMPILER_GENERATE_SWIFT_ASSET_SYMBOL_EXTENSIONS = YES;
				CLANG_ANALYZER_NONNULL = YES;
				CLANG_ANALYZER_NUMBER_OBJECT_CONVERSION = YES_AGGRESSIVE;
				CLANG_CXX_LANGUAGE_STANDARD = "gnu++20";
				CLANG_ENABLE_MODULES = YES;
				CLANG_ENABLE_OBJC_ARC = YES;
				CLANG_ENABLE_OBJC_WEAK = YES;
				CLANG_WARN_BLOCK_CAPTURE_AUTORELEASING = YES;
				CLANG_WARN_BOOL_CONVERSION = YES;
				CLANG_WARN_COMMA = YES;
				CLANG_WARN_CONSTANT_CONVERSION = YES;
				CLANG_WARN_DEPRECATED_OBJC_IMPLEMENTATIONS = YES;
				CLANG_WARN_DIRECT_OBJC_ISA_USAGE = YES_ERROR;
				CLANG_WARN_DOCUMENTATION_COMMENTS = YES;
				CLANG_WARN_EMPTY_BODY = YES;
				CLANG_WARN_ENUM_CONVERSION = YES;
				CLANG_WARN_INFINITE_RECURSION = YES;
				CLANG_WARN_INT_CONVERSION = YES;
				CLANG_WARN_NON_LITERAL_NULL_CONVERSION = YES;
				CLANG_WARN_OBJC_IMPLICIT_RETAIN_SELF = YES;
				CLANG_WARN_OBJC_LITERAL_CONVERSION = YES;
				CLANG_WARN_OBJC_ROOT_CLASS = YES_ERROR;
				CLANG_WARN_QUOTED_INCLUDE_IN_FRAMEWORK_HEADER = YES;
				CLANG_WARN_RANGE_LOOP_ANALYSIS = YES;
				CLANG_WARN_STRICT_PROTOTYPES = YES;
				CLANG_WARN_SUSPICIOUS_MOVE = YES;
				CLANG_WARN_UNGUARDED_AVAILABILITY = YES_AGGRESSIVE;
				CLANG_WARN_UNREACHABLE_CODE = YES;
				CLANG_WARN__DUPLICATE_METHOD_MATCH = YES;
				COPY_PHASE_STRIP = NO;
				DEBUG_INFORMATION_FORMAT = "dwarf-with-dsym";
				ENABLE_NS_ASSERTIONS = NO;
				ENABLE_STRICT_OBJC_MSGSEND = YES;
				ENABLE_USER_SCRIPT_SANDBOXING = NO;
				GCC_C_LANGUAGE_STANDARD = gnu17;
				GCC_NO_COMMON_BLOCKS = YES;
				GCC_WARN_64_TO_32_BIT_CONVERSION = YES;
				GCC_WARN_ABOUT_RETURN_TYPE = YES_ERROR;
				GCC_WARN_UNDECLARED_SELECTOR = YES;
				GCC_WARN_UNINITIALIZED_AUTOS = YES_AGGRESSIVE;
				GCC_WARN_UNUSED_FUNCTION = YES;
				GCC_WARN_UNUSED_VARIABLE = YES;
				IPHONEOS_DEPLOYMENT_TARGET = 17.0;
				LOCALIZATION_PREFERS_STRING_CATALOGS = YES;
				MTL_ENABLE_DEBUG_INFO = NO;
				MTL_FAST_MATH = YES;
				SDKROOT = iphoneos;
				SWIFT_COMPILATION_MODE = wholemodule;
				VALIDATE_PRODUCT = YES;
			};
			name = Release;
		};
		BCA1743E2ACD474C00E5D0CE /* Debug */ = {
			isa = XCBuildConfiguration;
			baseConfigurationReference = C81998CACB3BDA1F03FA5606 /* Pods-AnimationApp.debug.xcconfig */;
			buildSettings = {
				ASSETCATALOG_COMPILER_APPICON_NAME = AppIcon;
				ASSETCATALOG_COMPILER_GLOBAL_ACCENT_COLOR_NAME = AccentColor;
				CODE_SIGN_STYLE = Automatic;
				CURRENT_PROJECT_VERSION = 1;
				DEVELOPMENT_TEAM = Y5C952D945;
				GENERATE_INFOPLIST_FILE = YES;
				INFOPLIST_FILE = AnimationApp/Info.plist;
				INFOPLIST_KEY_UIApplicationSupportsIndirectInputEvents = YES;
				INFOPLIST_KEY_UILaunchStoryboardName = LaunchScreen;
				INFOPLIST_KEY_UIMainStoryboardFile = Main;
				INFOPLIST_KEY_UISupportedInterfaceOrientations_iPad = "UIInterfaceOrientationPortrait UIInterfaceOrientationPortraitUpsideDown UIInterfaceOrientationLandscapeLeft UIInterfaceOrientationLandscapeRight";
				INFOPLIST_KEY_UISupportedInterfaceOrientations_iPhone = "UIInterfaceOrientationPortrait UIInterfaceOrientationLandscapeLeft UIInterfaceOrientationLandscapeRight";
				LD_RUNPATH_SEARCH_PATHS = (
					"$(inherited)",
					"@executable_path/Frameworks",
				);
				MARKETING_VERSION = 1.0;
				PRODUCT_BUNDLE_IDENTIFIER = by.AppStore.AnimationApp;
				PRODUCT_NAME = "$(TARGET_NAME)";
				SWIFT_EMIT_LOC_STRINGS = YES;
				SWIFT_VERSION = 5.0;
				TARGETED_DEVICE_FAMILY = "1,2";
			};
			name = Debug;
		};
		BCA1743F2ACD474C00E5D0CE /* Release */ = {
			isa = XCBuildConfiguration;
			baseConfigurationReference = 2E9F97B3318F2F70F951C6DD /* Pods-AnimationApp.release.xcconfig */;
			buildSettings = {
				ASSETCATALOG_COMPILER_APPICON_NAME = AppIcon;
				ASSETCATALOG_COMPILER_GLOBAL_ACCENT_COLOR_NAME = AccentColor;
				CODE_SIGN_STYLE = Automatic;
				CURRENT_PROJECT_VERSION = 1;
				DEVELOPMENT_TEAM = Y5C952D945;
				GENERATE_INFOPLIST_FILE = YES;
				INFOPLIST_FILE = AnimationApp/Info.plist;
				INFOPLIST_KEY_UIApplicationSupportsIndirectInputEvents = YES;
				INFOPLIST_KEY_UILaunchStoryboardName = LaunchScreen;
				INFOPLIST_KEY_UIMainStoryboardFile = Main;
				INFOPLIST_KEY_UISupportedInterfaceOrientations_iPad = "UIInterfaceOrientationPortrait UIInterfaceOrientationPortraitUpsideDown UIInterfaceOrientationLandscapeLeft UIInterfaceOrientationLandscapeRight";
				INFOPLIST_KEY_UISupportedInterfaceOrientations_iPhone = "UIInterfaceOrientationPortrait UIInterfaceOrientationLandscapeLeft UIInterfaceOrientationLandscapeRight";
				LD_RUNPATH_SEARCH_PATHS = (
					"$(inherited)",
					"@executable_path/Frameworks",
				);
				MARKETING_VERSION = 1.0;
				PRODUCT_BUNDLE_IDENTIFIER = by.AppStore.AnimationApp;
				PRODUCT_NAME = "$(TARGET_NAME)";
				SWIFT_EMIT_LOC_STRINGS = YES;
				SWIFT_VERSION = 5.0;
				TARGETED_DEVICE_FAMILY = "1,2";
			};
			name = Release;
		};
/* End XCBuildConfiguration section */

/* Begin XCConfigurationList section */
		BCA174242ACD474B00E5D0CE /* Build configuration list for PBXProject "AnimationApp" */ = {
			isa = XCConfigurationList;
			buildConfigurations = (
				BCA1743B2ACD474C00E5D0CE /* Debug */,
				BCA1743C2ACD474C00E5D0CE /* Release */,
			);
			defaultConfigurationIsVisible = 0;
			defaultConfigurationName = Release;
		};
		BCA1743D2ACD474C00E5D0CE /* Build configuration list for PBXNativeTarget "AnimationApp" */ = {
			isa = XCConfigurationList;
			buildConfigurations = (
				BCA1743E2ACD474C00E5D0CE /* Debug */,
				BCA1743F2ACD474C00E5D0CE /* Release */,
			);
			defaultConfigurationIsVisible = 0;
			defaultConfigurationName = Release;
		};
/* End XCConfigurationList section */
	};
	rootObject = BCA174212ACD474B00E5D0CE /* Project object */;
}
